github.com/giantswarm/microerror v0.4.0 h1:QeU+UZL0rRlVXKqYOHMxS0L7g8UD+dn84NT7myWVh4U=
github.com/giantswarm/microerror v0.4.0/go.mod h1:Ju1YdC6TX/8witv7fIlkgiRr5FQUNyq3f4TX2QYnO7c=
github.com/golang/glog v1.0.0 h1:nfP3RFugxnNRyKgeWd4oI1nYvXpxrx8ck8ZrcizshdQ=
github.com/golang/glog v1.0.0/go.mod h1:EWib/APOK0SL3dFbYqvxE3UYd8E6s1ouQ7iEp/0LWV4=
github.com/google/go-cmp v0.5.6 h1:BKbKCqvP6I+rmFHt06ZmyQtvB8xAkWdhFyr0ZUNZcxQ=
